
Microsoft Visual Studio Solution File, Format Version 12.00
# Visual Studio Version 17
VisualStudioVersion = 17.0.31717.71
MinimumVisualStudioVersion = 10.0.40219.1
Project("{FAE04EC0-301F-11D3-BF4B-00C04F79EFBC}") = "bio2012", "bio2012.csproj", "{1F99A7ED-3DEB-4AD3-8CFB-0C75FAAAC3CF}"
EndProject
Global
	GlobalSection(SolutionConfigurationPlatforms) = preSolution
		Debug|Any CPU = Debug|Any CPU
		Release|Any CPU = Release|Any CPU
	EndGlobalSection
	GlobalSection(ProjectConfigurationPlatforms) = postSolution
		{1F99A7ED-3DEB-4AD3-8CFB-0C75FAAAC3CF}.Debug|Any CPU.ActiveCfg = Debug|Any CPU
		{1F99A7ED-3DEB-4AD3-8CFB-0C75FAAAC3CF}.Debug|Any CPU.Build.0 = Debug|Any CPU
		{1F99A7ED-3DEB-4AD3-8CFB-0C75FAAAC3CF}.Release|Any CPU.ActiveCfg = Release|Any CPU
		{1F99A7ED-3DEB-4AD3-8CFB-0C75FAAAC3CF}.Release|Any CPU.Build.0 = Release|Any CPU
	EndGlobalSection
	GlobalSection(SolutionProperties) = preSolution
		HideSolutionNode = FALSE
	EndGlobalSection
	GlobalSection(ExtensibilityGlobals) = postSolution
		SolutionGuid = {2A6C1A55-1D38-4B4D-9743-DEAE5DAC3AE0}
	EndGlobalSection
EndGlobal
